
Microsoft Visual Studio Solution File, Format Version 12.00
# Visual Studio Version 17
VisualStudioVersion = 17.11.35219.272
MinimumVisualStudioVersion = 10.0.40219.1
Project("{FAE04EC0-301F-11D3-BF4B-00C04F79EFBC}") = "ADIVINA_JUEGO", "ADIVINA_JUEGO\ADIVINA_JUEGO.csproj", "{8ACBE75E-0369-4A3E-9A2E-1F7ED65ACDD2}"
EndProject
Global
	GlobalSection(SolutionConfigurationPlatforms) = preSolution
		Debug|Any CPU = Debug|Any CPU
		Release|Any CPU = Release|Any CPU
	EndGlobalSection
	GlobalSection(ProjectConfigurationPlatforms) = postSolution
		{8ACBE75E-0369-4A3E-9A2E-1F7ED65ACDD2}.Debug|Any CPU.ActiveCfg = Debug|Any CPU
		{8ACBE75E-0369-4A3E-9A2E-1F7ED65ACDD2}.Debug|Any CPU.Build.0 = Debug|Any CPU
		{8ACBE75E-0369-4A3E-9A2E-1F7ED65ACDD2}.Release|Any CPU.ActiveCfg = Release|Any CPU
		{8ACBE75E-0369-4A3E-9A2E-1F7ED65ACDD2}.Release|Any CPU.Build.0 = Release|Any CPU
	EndGlobalSection
	GlobalSection(SolutionProperties) = preSolution
		HideSolutionNode = FALSE
	EndGlobalSection
	GlobalSection(ExtensibilityGlobals) = postSolution
		SolutionGuid = {ABB64427-8744-4838-9879-323450A5EE1C}
	EndGlobalSection
EndGlobal
